
Microsoft Visual Studio Solution File, Format Version 12.00
# Visual Studio Version 16
VisualStudioVersion = 16.0.30011.22
MinimumVisualStudioVersion = 10.0.40219.1
Project("{FAE04EC0-301F-11D3-BF4B-00C04F79EFBC}") = "CarManager", "CarManager\CarManager.csproj", "{BE7D0928-8AAF-4C5B-932C-EFD148B72ED0}"
EndProject
Project("{FAE04EC0-301F-11D3-BF4B-00C04F79EFBC}") = "VehicleLibrary", "VehicleLibrary\VehicleLibrary.csproj", "{950D7108-041C-4D89-9FBE-2E3ED66594B9}"
EndProject
Global
	GlobalSection(SolutionConfigurationPlatforms) = preSolution
		Debug|Any CPU = Debug|Any CPU
		Release|Any CPU = Release|Any CPU
	EndGlobalSection
	GlobalSection(ProjectConfigurationPlatforms) = postSolution
		{BE7D0928-8AAF-4C5B-932C-EFD148B72ED0}.Debug|Any CPU.ActiveCfg = Debug|Any CPU
		{BE7D0928-8AAF-4C5B-932C-EFD148B72ED0}.Debug|Any CPU.Build.0 = Debug|Any CPU
		{BE7D0928-8AAF-4C5B-932C-EFD148B72ED0}.Release|Any CPU.ActiveCfg = Release|Any CPU
		{BE7D0928-8AAF-4C5B-932C-EFD148B72ED0}.Release|Any CPU.Build.0 = Release|Any CPU
		{950D7108-041C-4D89-9FBE-2E3ED66594B9}.Debug|Any CPU.ActiveCfg = Debug|Any CPU
		{950D7108-041C-4D89-9FBE-2E3ED66594B9}.Debug|Any CPU.Build.0 = Debug|Any CPU
		{950D7108-041C-4D89-9FBE-2E3ED66594B9}.Release|Any CPU.ActiveCfg = Release|Any CPU
		{950D7108-041C-4D89-9FBE-2E3ED66594B9}.Release|Any CPU.Build.0 = Release|Any CPU
	EndGlobalSection
	GlobalSection(SolutionProperties) = preSolution
		HideSolutionNode = FALSE
	EndGlobalSection
	GlobalSection(ExtensibilityGlobals) = postSolution
		SolutionGuid = {E20F8120-4256-4E50-A557-F48E9DB2E03B}
	EndGlobalSection
EndGlobal
